// !$*UTF8*$!
{
	archiveVersion = 1;
	classes = {
	};
	objectVersion = 55;
	objects = {

/* Begin PBXBuildFile section */
		52A99FF028469A100078919F /* NodeView.swift in Sources */ = {isa = PBXBuildFile; fileRef = 52A99FEF28469A100078919F /* NodeView.swift */; };
		CD05BDD1283E6AA800E4E5D5 /* main.swift in Sources */ = {isa = PBXBuildFile; fileRef = CD05BDD0283E6AA800E4E5D5 /* main.swift */; };
		CD05BDDB283E6EC000E4E5D5 /* Node.swift in Sources */ = {isa = PBXBuildFile; fileRef = CD05BDDA283E6EC000E4E5D5 /* Node.swift */; };
		CD81341528451BE40007D211 /* TitlePageView.swift in Sources */ = {isa = PBXBuildFile; fileRef = CD81341428451BE40007D211 /* TitlePageView.swift */; };
		CDEE59A42847AD2B001BF6E1 /* iOSApp.swift in Sources */ = {isa = PBXBuildFile; fileRef = CDEE59A32847AD2B001BF6E1 /* iOSApp.swift */; };
		CDEE59A82847AD2C001BF6E1 /* Assets.xcassets in Resources */ = {isa = PBXBuildFile; fileRef = CDEE59A72847AD2C001BF6E1 /* Assets.xcassets */; };
		CDEE59AB2847AD2C001BF6E1 /* Preview Assets.xcassets in Resources */ = {isa = PBXBuildFile; fileRef = CDEE59AA2847AD2C001BF6E1 /* Preview Assets.xcassets */; };
		CDEE59AF2847AD48001BF6E1 /* TitlePageView.swift in Sources */ = {isa = PBXBuildFile; fileRef = CD81341428451BE40007D211 /* TitlePageView.swift */; };
		CDEE59B02847AD4F001BF6E1 /* NodeView.swift in Sources */ = {isa = PBXBuildFile; fileRef = 52A99FEF28469A100078919F /* NodeView.swift */; };
		CDEE59B12847AD55001BF6E1 /* Node.swift in Sources */ = {isa = PBXBuildFile; fileRef = CD05BDDA283E6EC000E4E5D5 /* Node.swift */; };
/* End PBXBuildFile section */

/* Begin PBXCopyFilesBuildPhase section */
		CD05BDCB283E6AA800E4E5D5 /* CopyFiles */ = {
			isa = PBXCopyFilesBuildPhase;
			buildActionMask = 2147483647;
			dstPath = /usr/share/man/man1/;
			dstSubfolderSpec = 0;
			files = (
			);
			runOnlyForDeploymentPostprocessing = 1;
		};
/* End PBXCopyFilesBuildPhase section */

/* Begin PBXFileReference section */
		52A99FEF28469A100078919F /* NodeView.swift */ = {isa = PBXFileReference; lastKnownFileType = sourcecode.swift; path = NodeView.swift; sourceTree = "<group>"; };
		CD05BDCD283E6AA800E4E5D5 /* ICS4U-Culminating */ = {isa = PBXFileReference; explicitFileType = "compiled.mach-o.executable"; includeInIndex = 0; path = "ICS4U-Culminating"; sourceTree = BUILT_PRODUCTS_DIR; };
		CD05BDD0283E6AA800E4E5D5 /* main.swift */ = {isa = PBXFileReference; lastKnownFileType = sourcecode.swift; path = main.swift; sourceTree = "<group>"; };
		CD05BDD9283E6DC500E4E5D5 /* Input.txt */ = {isa = PBXFileReference; lastKnownFileType = text; path = Input.txt; sourceTree = "<group>"; };
		CD05BDDA283E6EC000E4E5D5 /* Node.swift */ = {isa = PBXFileReference; lastKnownFileType = sourcecode.swift; path = Node.swift; sourceTree = "<group>"; };
		CD81341428451BE40007D211 /* TitlePageView.swift */ = {isa = PBXFileReference; lastKnownFileType = sourcecode.swift; path = TitlePageView.swift; sourceTree = "<group>"; };
		CDEE59A12847AD2B001BF6E1 /* iOS.app */ = {isa = PBXFileReference; explicitFileType = wrapper.application; includeInIndex = 0; path = iOS.app; sourceTree = BUILT_PRODUCTS_DIR; };
		CDEE59A32847AD2B001BF6E1 /* iOSApp.swift */ = {isa = PBXFileReference; lastKnownFileType = sourcecode.swift; path = iOSApp.swift; sourceTree = "<group>"; };
		CDEE59A72847AD2C001BF6E1 /* Assets.xcassets */ = {isa = PBXFileReference; lastKnownFileType = folder.assetcatalog; path = Assets.xcassets; sourceTree = "<group>"; };
		CDEE59AA2847AD2C001BF6E1 /* Preview Assets.xcassets */ = {isa = PBXFileReference; lastKnownFileType = folder.assetcatalog; path = "Preview Assets.xcassets"; sourceTree = "<group>"; };
/* End PBXFileReference section */

/* Begin PBXFrameworksBuildPhase section */
		CD05BDCA283E6AA800E4E5D5 /* Frameworks */ = {
			isa = PBXFrameworksBuildPhase;
			buildActionMask = 2147483647;
			files = (
			);
			runOnlyForDeploymentPostprocessing = 0;
		};
		CDEE599E2847AD2B001BF6E1 /* Frameworks */ = {
			isa = PBXFrameworksBuildPhase;
			buildActionMask = 2147483647;
			files = (
			);
			runOnlyForDeploymentPostprocessing = 0;
		};
/* End PBXFrameworksBuildPhase section */

/* Begin PBXGroup section */
		CD05BDC4283E6AA800E4E5D5 = {
			isa = PBXGroup;
			children = (
				CD05BDCF283E6AA800E4E5D5 /* ICS4U-Culminating */,
				CDEE59A22847AD2B001BF6E1 /* iOS */,
				CD05BDCE283E6AA800E4E5D5 /* Products */,
			);
			sourceTree = "<group>";
		};
		CD05BDCE283E6AA800E4E5D5 /* Products */ = {
			isa = PBXGroup;
			children = (
				CD05BDCD283E6AA800E4E5D5 /* ICS4U-Culminating */,
				CDEE59A12847AD2B001BF6E1 /* iOS.app */,
			);
			name = Products;
			sourceTree = "<group>";
		};
		CD05BDCF283E6AA800E4E5D5 /* ICS4U-Culminating */ = {
			isa = PBXGroup;
			children = (
				CD05BDD7283E6D8C00E4E5D5 /* Graph */,
				CD05BDD0283E6AA800E4E5D5 /* main.swift */,
			);
			path = "ICS4U-Culminating";
			sourceTree = "<group>";
		};
		CD05BDD7283E6D8C00E4E5D5 /* Graph */ = {
			isa = PBXGroup;
			children = (
				CD05BDD9283E6DC500E4E5D5 /* Input.txt */,
			);
			path = Graph;
			sourceTree = "<group>";
		};
		CD05BDD8283E6D9A00E4E5D5 /* Model */ = {
			isa = PBXGroup;
			children = (
				CD05BDDA283E6EC000E4E5D5 /* Node.swift */,
			);
			path = Model;
			sourceTree = "<group>";
		};
		CD81341328451BC60007D211 /* Views */ = {
			isa = PBXGroup;
			children = (
				CD81341428451BE40007D211 /* TitlePageView.swift */,
				52A99FEF28469A100078919F /* NodeView.swift */,
			);
			path = Views;
			sourceTree = "<group>";
		};
		CDEE59A22847AD2B001BF6E1 /* iOS */ = {
			isa = PBXGroup;
			children = (
				CD81341328451BC60007D211 /* Views */,
				CD05BDD8283E6D9A00E4E5D5 /* Model */,
				CDEE59A32847AD2B001BF6E1 /* iOSApp.swift */,

				CD81341328451BC60007D211 /* Views */,
				CD05BDD8283E6D9A00E4E5D5 /* Model */,

				CDEE59A72847AD2C001BF6E1 /* Assets.xcassets */,
				CDEE59A92847AD2C001BF6E1 /* Preview Content */,
			);
			path = iOS;
			sourceTree = "<group>";
		};
		CDEE59A92847AD2C001BF6E1 /* Preview Content */ = {
			isa = PBXGroup;
			children = (
				CDEE59AA2847AD2C001BF6E1 /* Preview Assets.xcassets */,
			);
			path = "Preview Content";
			sourceTree = "<group>";
		};
/* End PBXGroup section */

/* Begin PBXNativeTarget section */
		CD05BDCC283E6AA800E4E5D5 /* ICS4U-Culminating */ = {
			isa = PBXNativeTarget;
			buildConfigurationList = CD05BDD4283E6AA800E4E5D5 /* Build configuration list for PBXNativeTarget "ICS4U-Culminating" */;
			buildPhases = (
				CD05BDC9283E6AA800E4E5D5 /* Sources */,
				CD05BDCA283E6AA800E4E5D5 /* Frameworks */,
				CD05BDCB283E6AA800E4E5D5 /* CopyFiles */,
			);
			buildRules = (
			);
			dependencies = (
			);
			name = "ICS4U-Culminating";
			productName = "ICS4U-Culminating";
			productReference = CD05BDCD283E6AA800E4E5D5 /* ICS4U-Culminating */;
			productType = "com.apple.product-type.tool";
		};
		CDEE59A02847AD2B001BF6E1 /* iOS */ = {
			isa = PBXNativeTarget;
			buildConfigurationList = CDEE59AE2847AD2C001BF6E1 /* Build configuration list for PBXNativeTarget "iOS" */;
			buildPhases = (
				CDEE599D2847AD2B001BF6E1 /* Sources */,
				CDEE599E2847AD2B001BF6E1 /* Frameworks */,
				CDEE599F2847AD2B001BF6E1 /* Resources */,
			);
			buildRules = (
			);
			dependencies = (
			);
			name = iOS;
			productName = iOS;
			productReference = CDEE59A12847AD2B001BF6E1 /* iOS.app */;
			productType = "com.apple.product-type.application";
		};
/* End PBXNativeTarget section */

/* Begin PBXProject section */
		CD05BDC5283E6AA800E4E5D5 /* Project object */ = {
			isa = PBXProject;
			attributes = {
				BuildIndependentTargetsInParallel = 1;
				LastSwiftUpdateCheck = 1330;
				LastUpgradeCheck = 1330;
				TargetAttributes = {
					CD05BDCC283E6AA800E4E5D5 = {
						CreatedOnToolsVersion = 13.3.1;
					};
					CDEE59A02847AD2B001BF6E1 = {
						CreatedOnToolsVersion = 13.3.1;
					};
				};
			};
			buildConfigurationList = CD05BDC8283E6AA800E4E5D5 /* Build configuration list for PBXProject "ICS4U-Culminating" */;
			compatibilityVersion = "Xcode 13.0";
			developmentRegion = en;
			hasScannedForEncodings = 0;
			knownRegions = (
				en,
				Base,
			);
			mainGroup = CD05BDC4283E6AA800E4E5D5;
			productRefGroup = CD05BDCE283E6AA800E4E5D5 /* Products */;
			projectDirPath = "";
			projectRoot = "";
			targets = (
				CD05BDCC283E6AA800E4E5D5 /* ICS4U-Culminating */,
				CDEE59A02847AD2B001BF6E1 /* iOS */,
			);
		};
/* End PBXProject section */

/* Begin PBXResourcesBuildPhase section */
		CDEE599F2847AD2B001BF6E1 /* Resources */ = {
			isa = PBXResourcesBuildPhase;
			buildActionMask = 2147483647;
			files = (
				CDEE59AB2847AD2C001BF6E1 /* Preview Assets.xcassets in Resources */,
				CDEE59A82847AD2C001BF6E1 /* Assets.xcassets in Resources */,
			);
			runOnlyForDeploymentPostprocessing = 0;
		};
/* End PBXResourcesBuildPhase section */

/* Begin PBXSourcesBuildPhase section */
		CD05BDC9283E6AA800E4E5D5 /* Sources */ = {
			isa = PBXSourcesBuildPhase;
			buildActionMask = 2147483647;
			files = (
				CD05BDD1283E6AA800E4E5D5 /* main.swift in Sources */,
				CD81341528451BE40007D211 /* TitlePageView.swift in Sources */,
				52A99FF028469A100078919F /* NodeView.swift in Sources */,
				CD05BDDB283E6EC000E4E5D5 /* Node.swift in Sources */,
			);
			runOnlyForDeploymentPostprocessing = 0;
		};
		CDEE599D2847AD2B001BF6E1 /* Sources */ = {
			isa = PBXSourcesBuildPhase;
			buildActionMask = 2147483647;
			files = (
				CDEE59B12847AD55001BF6E1 /* Node.swift in Sources */,
				CDEE59B02847AD4F001BF6E1 /* NodeView.swift in Sources */,
				CDEE59AF2847AD48001BF6E1 /* TitlePageView.swift in Sources */,
				CDEE59A42847AD2B001BF6E1 /* iOSApp.swift in Sources */,
			);
			runOnlyForDeploymentPostprocessing = 0;
		};
/* End PBXSourcesBuildPhase section */

/* Begin XCBuildConfiguration section */
		CD05BDD2283E6AA800E4E5D5 /* Debug */ = {
			isa = XCBuildConfiguration;
			buildSettings = {
				ALWAYS_SEARCH_USER_PATHS = NO;
				CLANG_ANALYZER_NONNULL = YES;
				CLANG_ANALYZER_NUMBER_OBJECT_CONVERSION = YES_AGGRESSIVE;
				CLANG_CXX_LANGUAGE_STANDARD = "gnu++17";
				CLANG_ENABLE_MODULES = YES;
				CLANG_ENABLE_OBJC_ARC = YES;
				CLANG_ENABLE_OBJC_WEAK = YES;
				CLANG_WARN_BLOCK_CAPTURE_AUTORELEASING = YES;
				CLANG_WARN_BOOL_CONVERSION = YES;
				CLANG_WARN_COMMA = YES;
				CLANG_WARN_CONSTANT_CONVERSION = YES;
				CLANG_WARN_DEPRECATED_OBJC_IMPLEMENTATIONS = YES;
				CLANG_WARN_DIRECT_OBJC_ISA_USAGE = YES_ERROR;
				CLANG_WARN_DOCUMENTATION_COMMENTS = YES;
				CLANG_WARN_EMPTY_BODY = YES;
				CLANG_WARN_ENUM_CONVERSION = YES;
				CLANG_WARN_INFINITE_RECURSION = YES;
				CLANG_WARN_INT_CONVERSION = YES;
				CLANG_WARN_NON_LITERAL_NULL_CONVERSION = YES;
				CLANG_WARN_OBJC_IMPLICIT_RETAIN_SELF = YES;
				CLANG_WARN_OBJC_LITERAL_CONVERSION = YES;
				CLANG_WARN_OBJC_ROOT_CLASS = YES_ERROR;
				CLANG_WARN_QUOTED_INCLUDE_IN_FRAMEWORK_HEADER = YES;
				CLANG_WARN_RANGE_LOOP_ANALYSIS = YES;
				CLANG_WARN_STRICT_PROTOTYPES = YES;
				CLANG_WARN_SUSPICIOUS_MOVE = YES;
				CLANG_WARN_UNGUARDED_AVAILABILITY = YES_AGGRESSIVE;
				CLANG_WARN_UNREACHABLE_CODE = YES;
				CLANG_WARN__DUPLICATE_METHOD_MATCH = YES;
				COPY_PHASE_STRIP = NO;
				DEBUG_INFORMATION_FORMAT = dwarf;
				ENABLE_STRICT_OBJC_MSGSEND = YES;
				ENABLE_TESTABILITY = YES;
				GCC_C_LANGUAGE_STANDARD = gnu11;
				GCC_DYNAMIC_NO_PIC = NO;
				GCC_NO_COMMON_BLOCKS = YES;
				GCC_OPTIMIZATION_LEVEL = 0;
				GCC_PREPROCESSOR_DEFINITIONS = (
					"DEBUG=1",
					"$(inherited)",
				);
				GCC_WARN_64_TO_32_BIT_CONVERSION = YES;
				GCC_WARN_ABOUT_RETURN_TYPE = YES_ERROR;
				GCC_WARN_UNDECLARED_SELECTOR = YES;
				GCC_WARN_UNINITIALIZED_AUTOS = YES_AGGRESSIVE;
				GCC_WARN_UNUSED_FUNCTION = YES;
				GCC_WARN_UNUSED_VARIABLE = YES;
				MACOSX_DEPLOYMENT_TARGET = 12.3;
				MTL_ENABLE_DEBUG_INFO = INCLUDE_SOURCE;
				MTL_FAST_MATH = YES;
				ONLY_ACTIVE_ARCH = YES;
				SDKROOT = macosx;
				SWIFT_ACTIVE_COMPILATION_CONDITIONS = DEBUG;
				SWIFT_OPTIMIZATION_LEVEL = "-Onone";
			};
			name = Debug;
		};
		CD05BDD3283E6AA800E4E5D5 /* Release */ = {
			isa = XCBuildConfiguration;
			buildSettings = {
				ALWAYS_SEARCH_USER_PATHS = NO;
				CLANG_ANALYZER_NONNULL = YES;
				CLANG_ANALYZER_NUMBER_OBJECT_CONVERSION = YES_AGGRESSIVE;
				CLANG_CXX_LANGUAGE_STANDARD = "gnu++17";
				CLANG_ENABLE_MODULES = YES;
				CLANG_ENABLE_OBJC_ARC = YES;
				CLANG_ENABLE_OBJC_WEAK = YES;
				CLANG_WARN_BLOCK_CAPTURE_AUTORELEASING = YES;
				CLANG_WARN_BOOL_CONVERSION = YES;
				CLANG_WARN_COMMA = YES;
				CLANG_WARN_CONSTANT_CONVERSION = YES;
				CLANG_WARN_DEPRECATED_OBJC_IMPLEMENTATIONS = YES;
				CLANG_WARN_DIRECT_OBJC_ISA_USAGE = YES_ERROR;
				CLANG_WARN_DOCUMENTATION_COMMENTS = YES;
				CLANG_WARN_EMPTY_BODY = YES;
				CLANG_WARN_ENUM_CONVERSION = YES;
				CLANG_WARN_INFINITE_RECURSION = YES;
				CLANG_WARN_INT_CONVERSION = YES;
				CLANG_WARN_NON_LITERAL_NULL_CONVERSION = YES;
				CLANG_WARN_OBJC_IMPLICIT_RETAIN_SELF = YES;
				CLANG_WARN_OBJC_LITERAL_CONVERSION = YES;
				CLANG_WARN_OBJC_ROOT_CLASS = YES_ERROR;
				CLANG_WARN_QUOTED_INCLUDE_IN_FRAMEWORK_HEADER = YES;
				CLANG_WARN_RANGE_LOOP_ANALYSIS = YES;
				CLANG_WARN_STRICT_PROTOTYPES = YES;
				CLANG_WARN_SUSPICIOUS_MOVE = YES;
				CLANG_WARN_UNGUARDED_AVAILABILITY = YES_AGGRESSIVE;
				CLANG_WARN_UNREACHABLE_CODE = YES;
				CLANG_WARN__DUPLICATE_METHOD_MATCH = YES;
				COPY_PHASE_STRIP = NO;
				DEBUG_INFORMATION_FORMAT = "dwarf-with-dsym";
				ENABLE_NS_ASSERTIONS = NO;
				ENABLE_STRICT_OBJC_MSGSEND = YES;
				GCC_C_LANGUAGE_STANDARD = gnu11;
				GCC_NO_COMMON_BLOCKS = YES;
				GCC_WARN_64_TO_32_BIT_CONVERSION = YES;
				GCC_WARN_ABOUT_RETURN_TYPE = YES_ERROR;
				GCC_WARN_UNDECLARED_SELECTOR = YES;
				GCC_WARN_UNINITIALIZED_AUTOS = YES_AGGRESSIVE;
				GCC_WARN_UNUSED_FUNCTION = YES;
				GCC_WARN_UNUSED_VARIABLE = YES;
				MACOSX_DEPLOYMENT_TARGET = 12.3;
				MTL_ENABLE_DEBUG_INFO = NO;
				MTL_FAST_MATH = YES;
				SDKROOT = macosx;
				SWIFT_COMPILATION_MODE = wholemodule;
				SWIFT_OPTIMIZATION_LEVEL = "-O";
			};
			name = Release;
		};
		CD05BDD5283E6AA800E4E5D5 /* Debug */ = {
			isa = XCBuildConfiguration;
			buildSettings = {
				CODE_SIGN_STYLE = Automatic;
				DEVELOPMENT_TEAM = 4X3Z79SBTY;
				ENABLE_HARDENED_RUNTIME = YES;
				PRODUCT_NAME = "$(TARGET_NAME)";
				SWIFT_VERSION = 5.0;
			};
			name = Debug;
		};
		CD05BDD6283E6AA800E4E5D5 /* Release */ = {
			isa = XCBuildConfiguration;
			buildSettings = {
				CODE_SIGN_STYLE = Automatic;
				DEVELOPMENT_TEAM = 4X3Z79SBTY;
				ENABLE_HARDENED_RUNTIME = YES;
				PRODUCT_NAME = "$(TARGET_NAME)";
				SWIFT_VERSION = 5.0;
			};
			name = Release;
		};
		CDEE59AC2847AD2C001BF6E1 /* Debug */ = {
			isa = XCBuildConfiguration;
			buildSettings = {
				ASSETCATALOG_COMPILER_APPICON_NAME = AppIcon;
				ASSETCATALOG_COMPILER_GLOBAL_ACCENT_COLOR_NAME = AccentColor;
				CODE_SIGN_STYLE = Automatic;
				CURRENT_PROJECT_VERSION = 1;
				DEVELOPMENT_ASSET_PATHS = "\"iOS/Preview Content\"";
				DEVELOPMENT_TEAM = 4X3Z79SBTY;
				ENABLE_PREVIEWS = YES;
				GENERATE_INFOPLIST_FILE = YES;
				INFOPLIST_KEY_UIApplicationSceneManifest_Generation = YES;
				INFOPLIST_KEY_UIApplicationSupportsIndirectInputEvents = YES;
				INFOPLIST_KEY_UILaunchScreen_Generation = YES;
				INFOPLIST_KEY_UISupportedInterfaceOrientations_iPad = "UIInterfaceOrientationPortrait UIInterfaceOrientationPortraitUpsideDown UIInterfaceOrientationLandscapeLeft UIInterfaceOrientationLandscapeRight";
				INFOPLIST_KEY_UISupportedInterfaceOrientations_iPhone = "UIInterfaceOrientationPortrait UIInterfaceOrientationLandscapeLeft UIInterfaceOrientationLandscapeRight";
				IPHONEOS_DEPLOYMENT_TARGET = 15.4;
				LD_RUNPATH_SEARCH_PATHS = (
					"$(inherited)",
					"@executable_path/Frameworks",
				);
				MARKETING_VERSION = 1.0;
				PRODUCT_BUNDLE_IDENTIFIER = "Moritz-Asche.iOS";
				PRODUCT_NAME = "$(TARGET_NAME)";
				SDKROOT = iphoneos;
				SWIFT_EMIT_LOC_STRINGS = YES;
				SWIFT_VERSION = 5.0;
				TARGETED_DEVICE_FAMILY = "1,2";
			};
			name = Debug;
		};
		CDEE59AD2847AD2C001BF6E1 /* Release */ = {
			isa = XCBuildConfiguration;
			buildSettings = {
				ASSETCATALOG_COMPILER_APPICON_NAME = AppIcon;
				ASSETCATALOG_COMPILER_GLOBAL_ACCENT_COLOR_NAME = AccentColor;
				CODE_SIGN_STYLE = Automatic;
				CURRENT_PROJECT_VERSION = 1;
				DEVELOPMENT_ASSET_PATHS = "\"iOS/Preview Content\"";
				DEVELOPMENT_TEAM = 4X3Z79SBTY;
				ENABLE_PREVIEWS = YES;
				GENERATE_INFOPLIST_FILE = YES;
				INFOPLIST_KEY_UIApplicationSceneManifest_Generation = YES;
				INFOPLIST_KEY_UIApplicationSupportsIndirectInputEvents = YES;
				INFOPLIST_KEY_UILaunchScreen_Generation = YES;
				INFOPLIST_KEY_UISupportedInterfaceOrientations_iPad = "UIInterfaceOrientationPortrait UIInterfaceOrientationPortraitUpsideDown UIInterfaceOrientationLandscapeLeft UIInterfaceOrientationLandscapeRight";
				INFOPLIST_KEY_UISupportedInterfaceOrientations_iPhone = "UIInterfaceOrientationPortrait UIInterfaceOrientationLandscapeLeft UIInterfaceOrientationLandscapeRight";
				IPHONEOS_DEPLOYMENT_TARGET = 15.4;
				LD_RUNPATH_SEARCH_PATHS = (
					"$(inherited)",
					"@executable_path/Frameworks",
				);
				MARKETING_VERSION = 1.0;
				PRODUCT_BUNDLE_IDENTIFIER = "Moritz-Asche.iOS";
				PRODUCT_NAME = "$(TARGET_NAME)";
				SDKROOT = iphoneos;
				SWIFT_EMIT_LOC_STRINGS = YES;
				SWIFT_VERSION = 5.0;
				TARGETED_DEVICE_FAMILY = "1,2";
				VALIDATE_PRODUCT = YES;
			};
			name = Release;
		};
/* End XCBuildConfiguration section */

/* Begin XCConfigurationList section */
		CD05BDC8283E6AA800E4E5D5 /* Build configuration list for PBXProject "ICS4U-Culminating" */ = {
			isa = XCConfigurationList;
			buildConfigurations = (
				CD05BDD2283E6AA800E4E5D5 /* Debug */,
				CD05BDD3283E6AA800E4E5D5 /* Release */,
			);
			defaultConfigurationIsVisible = 0;
			defaultConfigurationName = Release;
		};
		CD05BDD4283E6AA800E4E5D5 /* Build configuration list for PBXNativeTarget "ICS4U-Culminating" */ = {
			isa = XCConfigurationList;
			buildConfigurations = (
				CD05BDD5283E6AA800E4E5D5 /* Debug */,
				CD05BDD6283E6AA800E4E5D5 /* Release */,
			);
			defaultConfigurationIsVisible = 0;
			defaultConfigurationName = Release;
		};
		CDEE59AE2847AD2C001BF6E1 /* Build configuration list for PBXNativeTarget "iOS" */ = {
			isa = XCConfigurationList;
			buildConfigurations = (
				CDEE59AC2847AD2C001BF6E1 /* Debug */,
				CDEE59AD2847AD2C001BF6E1 /* Release */,
			);
			defaultConfigurationIsVisible = 0;
			defaultConfigurationName = Release;
		};
/* End XCConfigurationList section */
	};
	rootObject = CD05BDC5283E6AA800E4E5D5 /* Project object */;
}
